
Microsoft Visual Studio Solution File, Format Version 12.00
# Visual Studio Version 16
VisualStudioVersion = 25.0.1700.6
MinimumVisualStudioVersion = 10.0.40219.1
Project("{FAE04EC0-301F-11D3-BF4B-00C04F79EFBC}") = "PlatformService", "PlatformService\PlatformService.csproj", "{DAFF0EBB-0AB0-46CA-941E-0EBC70447FC9}"
EndProject
Project("{2150E333-8FDC-42A3-9474-1A3956D46DE8}") = "Solution Items", "Solution Items", "{49549159-DBEC-43DE-AFA2-5920B2CFFB51}"
	ProjectSection(SolutionItems) = preProject
		.editorconfig = .editorconfig
		docker-compose.yml = docker-compose.yml
	EndProjectSection
EndProject
Project("{FAE04EC0-301F-11D3-BF4B-00C04F79EFBC}") = "CommandService", "CommandService\CommandService.csproj", "{740F4533-6B21-4E9F-9E38-E4C85014817B}"
EndProject
Project("{2150E333-8FDC-42A3-9474-1A3956D46DE8}") = "K8S", "K8S", "{3721B9AA-4F5E-48EE-83AB-8EBE27D125C0}"
	ProjectSection(SolutionItems) = preProject
		K8S\platforms-depl.yaml = K8S\platforms-depl.yaml
		K8S\platforms-nodeport-service.yaml = K8S\platforms-nodeport-service.yaml
		K8S\local-pv.yaml = K8S\local-pv.yaml
		K8S\local-pvc.yaml = K8S\local-pvc.yaml
		K8S\commands-depl.yaml = K8S\commands-depl.yaml
		K8S\postgres-plat-depl.yaml = K8S\postgres-plat-depl.yaml
		K8S\IngressNginxInstructions.txt = K8S\IngressNginxInstructions.txt
		K8S\ingress-service.yaml = K8S\ingress-service.yaml
		K8S\mssql-platform-deployment.yaml = K8S\mssql-platform-deployment.yaml
		K8S\rabbitmq-depl.yaml = K8S\rabbitmq-depl.yaml
		K8S\jaeger-depl.yaml = K8S\jaeger-depl.yaml
		K8S\redis-deployment.yaml = K8S\redis-deployment.yaml
	EndProjectSection
EndProject
Project("{2150E333-8FDC-42A3-9474-1A3956D46DE8}") = "AKS", "AKS", "{214CC4B9-FDE7-43AF-B367-DB1ADF43A5C4}"
	ProjectSection(SolutionItems) = preProject
		K8S\redis-deployment.yaml = K8S\redis-deployment.yaml
	EndProjectSection
EndProject
Project("{FAE04EC0-301F-11D3-BF4B-00C04F79EFBC}") = "AppHost", "AppHost\AppHost.csproj", "{E98239E5-5C61-4C9A-A6F8-9563EF8ABFA6}"
EndProject
Project("{FAE04EC0-301F-11D3-BF4B-00C04F79EFBC}") = "ServiceDefaults", "ServiceDefaults\ServiceDefaults.csproj", "{C44511D6-902B-4F92-85AD-E6A3A30CCB23}"
EndProject
Global
	GlobalSection(SolutionConfigurationPlatforms) = preSolution
		Debug|Any CPU = Debug|Any CPU
		Release|Any CPU = Release|Any CPU
	EndGlobalSection
	GlobalSection(ProjectConfigurationPlatforms) = postSolution
		{DAFF0EBB-0AB0-46CA-941E-0EBC70447FC9}.Debug|Any CPU.ActiveCfg = Debug|Any CPU
		{DAFF0EBB-0AB0-46CA-941E-0EBC70447FC9}.Debug|Any CPU.Build.0 = Debug|Any CPU
		{DAFF0EBB-0AB0-46CA-941E-0EBC70447FC9}.Release|Any CPU.ActiveCfg = Release|Any CPU
		{DAFF0EBB-0AB0-46CA-941E-0EBC70447FC9}.Release|Any CPU.Build.0 = Release|Any CPU
		{740F4533-6B21-4E9F-9E38-E4C85014817B}.Debug|Any CPU.ActiveCfg = Debug|Any CPU
		{740F4533-6B21-4E9F-9E38-E4C85014817B}.Debug|Any CPU.Build.0 = Debug|Any CPU
		{740F4533-6B21-4E9F-9E38-E4C85014817B}.Release|Any CPU.ActiveCfg = Release|Any CPU
		{740F4533-6B21-4E9F-9E38-E4C85014817B}.Release|Any CPU.Build.0 = Release|Any CPU
		{E98239E5-5C61-4C9A-A6F8-9563EF8ABFA6}.Debug|Any CPU.ActiveCfg = Debug|Any CPU
		{E98239E5-5C61-4C9A-A6F8-9563EF8ABFA6}.Debug|Any CPU.Build.0 = Debug|Any CPU
		{E98239E5-5C61-4C9A-A6F8-9563EF8ABFA6}.Release|Any CPU.ActiveCfg = Release|Any CPU
		{E98239E5-5C61-4C9A-A6F8-9563EF8ABFA6}.Release|Any CPU.Build.0 = Release|Any CPU
		{C44511D6-902B-4F92-85AD-E6A3A30CCB23}.Debug|Any CPU.ActiveCfg = Debug|Any CPU
		{C44511D6-902B-4F92-85AD-E6A3A30CCB23}.Debug|Any CPU.Build.0 = Debug|Any CPU
		{C44511D6-902B-4F92-85AD-E6A3A30CCB23}.Release|Any CPU.ActiveCfg = Release|Any CPU
		{C44511D6-902B-4F92-85AD-E6A3A30CCB23}.Release|Any CPU.Build.0 = Release|Any CPU
	EndGlobalSection
	GlobalSection(SolutionProperties) = preSolution
		HideSolutionNode = FALSE
	EndGlobalSection
	GlobalSection(ExtensibilityGlobals) = postSolution
		SolutionGuid = {17A697C2-4253-4BF0-AB36-C12E1071FDCE}
	EndGlobalSection
	GlobalSection(NestedProjects) = preSolution
		{214CC4B9-FDE7-43AF-B367-DB1ADF43A5C4} = {3721B9AA-4F5E-48EE-83AB-8EBE27D125C0}
	EndGlobalSection
EndGlobal
